
Microsoft Visual Studio Solution File, Format Version 12.00
# Visual Studio Version 16
VisualStudioVersion = 16.0.31005.135
MinimumVisualStudioVersion = 10.0.40219.1
Project("{FAE04EC0-301F-11D3-BF4B-00C04F79EFBC}") = "pis_lab8", "pis_lab8\pis_lab8.csproj", "{432851D3-11E8-49EE-9D37-2990C3272E2A}"
EndProject
Global
	GlobalSection(SolutionConfigurationPlatforms) = preSolution
		Debug|Any CPU = Debug|Any CPU
		Release|Any CPU = Release|Any CPU
	EndGlobalSection
	GlobalSection(ProjectConfigurationPlatforms) = postSolution
		{432851D3-11E8-49EE-9D37-2990C3272E2A}.Debug|Any CPU.ActiveCfg = Debug|Any CPU
		{432851D3-11E8-49EE-9D37-2990C3272E2A}.Debug|Any CPU.Build.0 = Debug|Any CPU
		{432851D3-11E8-49EE-9D37-2990C3272E2A}.Release|Any CPU.ActiveCfg = Release|Any CPU
		{432851D3-11E8-49EE-9D37-2990C3272E2A}.Release|Any CPU.Build.0 = Release|Any CPU
	EndGlobalSection
	GlobalSection(SolutionProperties) = preSolution
		HideSolutionNode = FALSE
	EndGlobalSection
	GlobalSection(ExtensibilityGlobals) = postSolution
		SolutionGuid = {3307CF24-1E41-49E8-B912-D33B11D99F18}
	EndGlobalSection
EndGlobal
