
Microsoft Visual Studio Solution File, Format Version 12.00
# Visual Studio 15
VisualStudioVersion = 15.0.28307.168
MinimumVisualStudioVersion = 10.0.40219.1
Project("{FAE04EC0-301F-11D3-BF4B-00C04F79EFBC}") = "NM_Sem_4", "NM_Sem_4\NM_Sem_4.csproj", "{741A9A69-9342-4FF5-88A4-7B2A7D9DD549}"
EndProject
Global
	GlobalSection(SolutionConfigurationPlatforms) = preSolution
		Debug|Any CPU = Debug|Any CPU
		Release|Any CPU = Release|Any CPU
	EndGlobalSection
	GlobalSection(ProjectConfigurationPlatforms) = postSolution
		{741A9A69-9342-4FF5-88A4-7B2A7D9DD549}.Debug|Any CPU.ActiveCfg = Debug|Any CPU
		{741A9A69-9342-4FF5-88A4-7B2A7D9DD549}.Debug|Any CPU.Build.0 = Debug|Any CPU
		{741A9A69-9342-4FF5-88A4-7B2A7D9DD549}.Release|Any CPU.ActiveCfg = Release|Any CPU
		{741A9A69-9342-4FF5-88A4-7B2A7D9DD549}.Release|Any CPU.Build.0 = Release|Any CPU
	EndGlobalSection
	GlobalSection(SolutionProperties) = preSolution
		HideSolutionNode = FALSE
	EndGlobalSection
	GlobalSection(ExtensibilityGlobals) = postSolution
		SolutionGuid = {FCD0C7FB-3BDB-48BA-AF18-DE30C9625F74}
	EndGlobalSection
EndGlobal
